
Microsoft Visual Studio Solution File, Format Version 12.00
# Visual Studio Version 17
VisualStudioVersion = 17.0.31903.59
MinimumVisualStudioVersion = 10.0.40219.1
Project("{FAE04EC0-301F-11D3-BF4B-00C04F79EFBC}") = "PrismBug", "PrismBug\PrismBug.csproj", "{EEA39B9A-A344-490B-AB71-E935FB3BB373}"
EndProject
Global
	GlobalSection(SolutionConfigurationPlatforms) = preSolution
		Debug|Any CPU = Debug|Any CPU
		Release|Any CPU = Release|Any CPU
	EndGlobalSection
	GlobalSection(SolutionProperties) = preSolution
		HideSolutionNode = FALSE
	EndGlobalSection
	GlobalSection(ProjectConfigurationPlatforms) = postSolution
		{EEA39B9A-A344-490B-AB71-E935FB3BB373}.Debug|Any CPU.ActiveCfg = Debug|Any CPU
		{EEA39B9A-A344-490B-AB71-E935FB3BB373}.Debug|Any CPU.Build.0 = Debug|Any CPU
		{EEA39B9A-A344-490B-AB71-E935FB3BB373}.Release|Any CPU.ActiveCfg = Release|Any CPU
		{EEA39B9A-A344-490B-AB71-E935FB3BB373}.Release|Any CPU.Build.0 = Release|Any CPU
	EndGlobalSection
EndGlobal
